
Microsoft Visual Studio Solution File, Format Version 12.00
# Visual Studio Version 16
VisualStudioVersion = 16.0.30204.135
MinimumVisualStudioVersion = 10.0.40219.1
Project("{FAE04EC0-301F-11D3-BF4B-00C04F79EFBC}") = "OrderingManagementSystem", "OrderingManagementSystem\OrderingManagementSystem.csproj", "{CE3B7383-018B-405A-AB17-73D5D69323A2}"
EndProject
Global
	GlobalSection(SolutionConfigurationPlatforms) = preSolution
		Debug|Any CPU = Debug|Any CPU
		Release|Any CPU = Release|Any CPU
	EndGlobalSection
	GlobalSection(ProjectConfigurationPlatforms) = postSolution
		{CE3B7383-018B-405A-AB17-73D5D69323A2}.Debug|Any CPU.ActiveCfg = Debug|Any CPU
		{CE3B7383-018B-405A-AB17-73D5D69323A2}.Debug|Any CPU.Build.0 = Debug|Any CPU
		{CE3B7383-018B-405A-AB17-73D5D69323A2}.Release|Any CPU.ActiveCfg = Release|Any CPU
		{CE3B7383-018B-405A-AB17-73D5D69323A2}.Release|Any CPU.Build.0 = Release|Any CPU
	EndGlobalSection
	GlobalSection(SolutionProperties) = preSolution
		HideSolutionNode = FALSE
	EndGlobalSection
	GlobalSection(ExtensibilityGlobals) = postSolution
		SolutionGuid = {83CD3277-A2D6-4089-A66A-317427A82F51}
	EndGlobalSection
EndGlobal
